
Microsoft Visual Studio Solution File, Format Version 12.00
# Visual Studio 15
VisualStudioVersion = 15.0.27004.2005
MinimumVisualStudioVersion = 10.0.40219.1
Project("{9A19103F-16F7-4668-BE54-9A1E7A4F7556}") = "UnitOfWork", "UnitOfWork\UnitOfWork.csproj", "{64D381A8-9FD2-460E-B4F9-45700877A6A5}"
EndProject
Project("{9A19103F-16F7-4668-BE54-9A1E7A4F7556}") = "BlogConsoleApp", "BlogConsoleApp\BlogConsoleApp.csproj", "{FBDCA2B6-D483-499D-A219-A5D60BDB56B9}"
EndProject
Project("{9A19103F-16F7-4668-BE54-9A1E7A4F7556}") = "UnitOfWorkWebApi", "UnitOfWorkWebApi\UnitOfWorkWebApi.csproj", "{AD05EFEA-B23A-4CEE-8AF4-D13360DD9C5C}"
EndProject
Project("{9A19103F-16F7-4668-BE54-9A1E7A4F7556}") = "DataModel", "DataModel\DataModel.csproj", "{5A3F4A47-F2EC-4891-8FB1-961020B00E49}"
EndProject
Project("{FAE04EC0-301F-11D3-BF4B-00C04F79EFBC}") = "Services", "Services\Services.csproj", "{B1E9E23A-DACE-4028-85D5-9C713EC2790A}"
EndProject
Global
	GlobalSection(SolutionConfigurationPlatforms) = preSolution
		Debug|Any CPU = Debug|Any CPU
		Release|Any CPU = Release|Any CPU
	EndGlobalSection
	GlobalSection(ProjectConfigurationPlatforms) = postSolution
		{64D381A8-9FD2-460E-B4F9-45700877A6A5}.Debug|Any CPU.ActiveCfg = Debug|Any CPU
		{64D381A8-9FD2-460E-B4F9-45700877A6A5}.Debug|Any CPU.Build.0 = Debug|Any CPU
		{64D381A8-9FD2-460E-B4F9-45700877A6A5}.Release|Any CPU.ActiveCfg = Release|Any CPU
		{64D381A8-9FD2-460E-B4F9-45700877A6A5}.Release|Any CPU.Build.0 = Release|Any CPU
		{FBDCA2B6-D483-499D-A219-A5D60BDB56B9}.Debug|Any CPU.ActiveCfg = Debug|Any CPU
		{FBDCA2B6-D483-499D-A219-A5D60BDB56B9}.Debug|Any CPU.Build.0 = Debug|Any CPU
		{FBDCA2B6-D483-499D-A219-A5D60BDB56B9}.Release|Any CPU.ActiveCfg = Release|Any CPU
		{FBDCA2B6-D483-499D-A219-A5D60BDB56B9}.Release|Any CPU.Build.0 = Release|Any CPU
		{AD05EFEA-B23A-4CEE-8AF4-D13360DD9C5C}.Debug|Any CPU.ActiveCfg = Debug|Any CPU
		{AD05EFEA-B23A-4CEE-8AF4-D13360DD9C5C}.Debug|Any CPU.Build.0 = Debug|Any CPU
		{AD05EFEA-B23A-4CEE-8AF4-D13360DD9C5C}.Release|Any CPU.ActiveCfg = Release|Any CPU
		{AD05EFEA-B23A-4CEE-8AF4-D13360DD9C5C}.Release|Any CPU.Build.0 = Release|Any CPU
		{5A3F4A47-F2EC-4891-8FB1-961020B00E49}.Debug|Any CPU.ActiveCfg = Debug|Any CPU
		{5A3F4A47-F2EC-4891-8FB1-961020B00E49}.Debug|Any CPU.Build.0 = Debug|Any CPU
		{5A3F4A47-F2EC-4891-8FB1-961020B00E49}.Release|Any CPU.ActiveCfg = Release|Any CPU
		{5A3F4A47-F2EC-4891-8FB1-961020B00E49}.Release|Any CPU.Build.0 = Release|Any CPU
		{B1E9E23A-DACE-4028-85D5-9C713EC2790A}.Debug|Any CPU.ActiveCfg = Debug|Any CPU
		{B1E9E23A-DACE-4028-85D5-9C713EC2790A}.Debug|Any CPU.Build.0 = Debug|Any CPU
		{B1E9E23A-DACE-4028-85D5-9C713EC2790A}.Release|Any CPU.ActiveCfg = Release|Any CPU
		{B1E9E23A-DACE-4028-85D5-9C713EC2790A}.Release|Any CPU.Build.0 = Release|Any CPU
	EndGlobalSection
	GlobalSection(SolutionProperties) = preSolution
		HideSolutionNode = FALSE
	EndGlobalSection
	GlobalSection(ExtensibilityGlobals) = postSolution
		SolutionGuid = {C5B1E9CC-99D1-4290-92D4-0BBB5F115EDB}
	EndGlobalSection
EndGlobal
